
Microsoft Visual Studio Solution File, Format Version 12.00
# Visual Studio Version 17
VisualStudioVersion = 17.4.33403.182
MinimumVisualStudioVersion = 10.0.40219.1
Project("{FAE04EC0-301F-11D3-BF4B-00C04F79EFBC}") = "WebApplication1", "WebApplication1\WebApplication1.csproj", "{AD815E9D-36C3-4910-B009-9D46FE04EC5E}"
EndProject
Global
	GlobalSection(SolutionConfigurationPlatforms) = preSolution
		Debug|Any CPU = Debug|Any CPU
		Release|Any CPU = Release|Any CPU
	EndGlobalSection
	GlobalSection(ProjectConfigurationPlatforms) = postSolution
		{AD815E9D-36C3-4910-B009-9D46FE04EC5E}.Debug|Any CPU.ActiveCfg = Debug|Any CPU
		{AD815E9D-36C3-4910-B009-9D46FE04EC5E}.Debug|Any CPU.Build.0 = Debug|Any CPU
		{AD815E9D-36C3-4910-B009-9D46FE04EC5E}.Release|Any CPU.ActiveCfg = Release|Any CPU
		{AD815E9D-36C3-4910-B009-9D46FE04EC5E}.Release|Any CPU.Build.0 = Release|Any CPU
	EndGlobalSection
	GlobalSection(SolutionProperties) = preSolution
		HideSolutionNode = FALSE
	EndGlobalSection
	GlobalSection(ExtensibilityGlobals) = postSolution
		SolutionGuid = {F43AA715-F110-4EC8-9179-251DDD7A5ADA}
	EndGlobalSection
EndGlobal
